// !$*UTF8*$!
{
	archiveVersion = 1;
	classes = {
	};
	objectVersion = 46;
	objects = {

/* Begin PBXBuildFile section */
		5227889B1D653FEC00675886 /* ITunesApp.swift in Sources */ = {isa = PBXBuildFile; fileRef = 5227889A1D653FEC00675886 /* ITunesApp.swift */; };
		818EDF381D64BBD8006180B1 /* AppDelegate.swift in Sources */ = {isa = PBXBuildFile; fileRef = 818EDF371D64BBD8006180B1 /* AppDelegate.swift */; };
		818EDF3A1D64BBD8006180B1 /* ViewController.swift in Sources */ = {isa = PBXBuildFile; fileRef = 818EDF391D64BBD8006180B1 /* ViewController.swift */; };
		818EDF3D1D64BBD8006180B1 /* Main.storyboard in Resources */ = {isa = PBXBuildFile; fileRef = 818EDF3B1D64BBD8006180B1 /* Main.storyboard */; };
		818EDF3F1D64BBD9006180B1 /* Assets.xcassets in Resources */ = {isa = PBXBuildFile; fileRef = 818EDF3E1D64BBD9006180B1 /* Assets.xcassets */; };
		818EDF421D64BBD9006180B1 /* LaunchScreen.storyboard in Resources */ = {isa = PBXBuildFile; fileRef = 818EDF401D64BBD9006180B1 /* LaunchScreen.storyboard */; };
		818EDF6A1D64E357006180B1 /* Custom_TableViewCell.swift in Sources */ = {isa = PBXBuildFile; fileRef = 818EDF691D64E357006180B1 /* Custom_TableViewCell.swift */; };
		818EE0321D6650BF006180B1 /* DetailViewController.swift in Sources */ = {isa = PBXBuildFile; fileRef = 818EE0311D6650BF006180B1 /* DetailViewController.swift */; };
		818EE04A1D674C46006180B1 /* TopiTunesAppsDemoTests.swift in Sources */ = {isa = PBXBuildFile; fileRef = 818EE0491D674C46006180B1 /* TopiTunesAppsDemoTests.swift */; };
/* End PBXBuildFile section */

/* Begin PBXContainerItemProxy section */
		818EE04C1D674C46006180B1 /* PBXContainerItemProxy */ = {
			isa = PBXContainerItemProxy;
			containerPortal = 818EDF2C1D64BBD8006180B1 /* Project object */;
			proxyType = 1;
			remoteGlobalIDString = 818EDF331D64BBD8006180B1;
			remoteInfo = TopiTunesAppsDemo;
		};
/* End PBXContainerItemProxy section */

/* Begin PBXFileReference section */
		5227889A1D653FEC00675886 /* ITunesApp.swift */ = {isa = PBXFileReference; fileEncoding = 4; lastKnownFileType = sourcecode.swift; path = ITunesApp.swift; sourceTree = "<group>"; };
		818EDF341D64BBD8006180B1 /* TopiTunesAppsDemo.app */ = {isa = PBXFileReference; explicitFileType = wrapper.application; includeInIndex = 0; path = TopiTunesAppsDemo.app; sourceTree = BUILT_PRODUCTS_DIR; };
		818EDF371D64BBD8006180B1 /* AppDelegate.swift */ = {isa = PBXFileReference; lastKnownFileType = sourcecode.swift; path = AppDelegate.swift; sourceTree = "<group>"; };
		818EDF391D64BBD8006180B1 /* ViewController.swift */ = {isa = PBXFileReference; lastKnownFileType = sourcecode.swift; path = ViewController.swift; sourceTree = "<group>"; };
		818EDF3C1D64BBD8006180B1 /* Base */ = {isa = PBXFileReference; lastKnownFileType = file.storyboard; name = Base; path = Base.lproj/Main.storyboard; sourceTree = "<group>"; };
		818EDF3E1D64BBD9006180B1 /* Assets.xcassets */ = {isa = PBXFileReference; lastKnownFileType = folder.assetcatalog; path = Assets.xcassets; sourceTree = "<group>"; };
		818EDF411D64BBD9006180B1 /* Base */ = {isa = PBXFileReference; lastKnownFileType = file.storyboard; name = Base; path = Base.lproj/LaunchScreen.storyboard; sourceTree = "<group>"; };
		818EDF431D64BBD9006180B1 /* Info.plist */ = {isa = PBXFileReference; lastKnownFileType = text.plist.xml; path = Info.plist; sourceTree = "<group>"; };
		818EDF691D64E357006180B1 /* Custom_TableViewCell.swift */ = {isa = PBXFileReference; fileEncoding = 4; lastKnownFileType = sourcecode.swift; path = Custom_TableViewCell.swift; sourceTree = "<group>"; };
		818EE0311D6650BF006180B1 /* DetailViewController.swift */ = {isa = PBXFileReference; fileEncoding = 4; lastKnownFileType = sourcecode.swift; path = DetailViewController.swift; sourceTree = "<group>"; };
		818EE0471D674C46006180B1 /* TopiTunesAppsDemoTests.xctest */ = {isa = PBXFileReference; explicitFileType = wrapper.cfbundle; includeInIndex = 0; path = TopiTunesAppsDemoTests.xctest; sourceTree = BUILT_PRODUCTS_DIR; };
		818EE0491D674C46006180B1 /* TopiTunesAppsDemoTests.swift */ = {isa = PBXFileReference; lastKnownFileType = sourcecode.swift; path = TopiTunesAppsDemoTests.swift; sourceTree = "<group>"; };
		818EE04B1D674C46006180B1 /* Info.plist */ = {isa = PBXFileReference; lastKnownFileType = text.plist.xml; path = Info.plist; sourceTree = "<group>"; };
/* End PBXFileReference section */

/* Begin PBXFrameworksBuildPhase section */
		818EDF311D64BBD8006180B1 /* Frameworks */ = {
			isa = PBXFrameworksBuildPhase;
			buildActionMask = 2147483647;
			files = (
			);
			runOnlyForDeploymentPostprocessing = 0;
		};
		818EE0441D674C46006180B1 /* Frameworks */ = {
			isa = PBXFrameworksBuildPhase;
			buildActionMask = 2147483647;
			files = (
			);
			runOnlyForDeploymentPostprocessing = 0;
		};
/* End PBXFrameworksBuildPhase section */

/* Begin PBXGroup section */
		818EDF2B1D64BBD8006180B1 = {
			isa = PBXGroup;
			children = (
				818EDF361D64BBD8006180B1 /* TopiTunesAppsDemo */,
				818EE0481D674C46006180B1 /* TopiTunesAppsDemoTests */,
				818EDF351D64BBD8006180B1 /* Products */,
			);
			sourceTree = "<group>";
		};
		818EDF351D64BBD8006180B1 /* Products */ = {
			isa = PBXGroup;
			children = (
				818EDF341D64BBD8006180B1 /* TopiTunesAppsDemo.app */,
				818EE0471D674C46006180B1 /* TopiTunesAppsDemoTests.xctest */,
			);
			name = Products;
			sourceTree = "<group>";
		};
		818EDF361D64BBD8006180B1 /* TopiTunesAppsDemo */ = {
			isa = PBXGroup;
			children = (
				818EDF371D64BBD8006180B1 /* AppDelegate.swift */,
				818EDF391D64BBD8006180B1 /* ViewController.swift */,
				818EDF3B1D64BBD8006180B1 /* Main.storyboard */,
				818EDF3E1D64BBD9006180B1 /* Assets.xcassets */,
				818EDF401D64BBD9006180B1 /* LaunchScreen.storyboard */,
				818EDF431D64BBD9006180B1 /* Info.plist */,
				818EDF691D64E357006180B1 /* Custom_TableViewCell.swift */,
				5227889A1D653FEC00675886 /* ITunesApp.swift */,
				818EE0311D6650BF006180B1 /* DetailViewController.swift */,
			);
			path = TopiTunesAppsDemo;
			sourceTree = "<group>";
		};
		818EE0481D674C46006180B1 /* TopiTunesAppsDemoTests */ = {
			isa = PBXGroup;
			children = (
				818EE0491D674C46006180B1 /* TopiTunesAppsDemoTests.swift */,
				818EE04B1D674C46006180B1 /* Info.plist */,
			);
			path = TopiTunesAppsDemoTests;
			sourceTree = "<group>";
		};
/* End PBXGroup section */

/* Begin PBXNativeTarget section */
		818EDF331D64BBD8006180B1 /* TopiTunesAppsDemo */ = {
			isa = PBXNativeTarget;
			buildConfigurationList = 818EDF461D64BBD9006180B1 /* Build configuration list for PBXNativeTarget "TopiTunesAppsDemo" */;
			buildPhases = (
				818EDF301D64BBD8006180B1 /* Sources */,
				818EDF311D64BBD8006180B1 /* Frameworks */,
				818EDF321D64BBD8006180B1 /* Resources */,
			);
			buildRules = (
			);
			dependencies = (
			);
			name = TopiTunesAppsDemo;
			productName = TopiTunesAppsDemo;
			productReference = 818EDF341D64BBD8006180B1 /* TopiTunesAppsDemo.app */;
			productType = "com.apple.product-type.application";
		};
		818EE0461D674C46006180B1 /* TopiTunesAppsDemoTests */ = {
			isa = PBXNativeTarget;
			buildConfigurationList = 818EE04E1D674C46006180B1 /* Build configuration list for PBXNativeTarget "TopiTunesAppsDemoTests" */;
			buildPhases = (
				818EE0431D674C46006180B1 /* Sources */,
				818EE0441D674C46006180B1 /* Frameworks */,
				818EE0451D674C46006180B1 /* Resources */,
			);
			buildRules = (
			);
			dependencies = (
				818EE04D1D674C46006180B1 /* PBXTargetDependency */,
			);
			name = TopiTunesAppsDemoTests;
			productName = TopiTunesAppsDemoTests;
			productReference = 818EE0471D674C46006180B1 /* TopiTunesAppsDemoTests.xctest */;
			productType = "com.apple.product-type.bundle.unit-test";
		};
/* End PBXNativeTarget section */

/* Begin PBXProject section */
		818EDF2C1D64BBD8006180B1 /* Project object */ = {
			isa = PBXProject;
			attributes = {
				LastSwiftUpdateCheck = 0730;
				LastUpgradeCheck = 0730;
				ORGANIZATIONNAME = "Papa, John L";
				TargetAttributes = {
					818EDF331D64BBD8006180B1 = {
						CreatedOnToolsVersion = 7.3.1;
					};
					818EE0461D674C46006180B1 = {
						CreatedOnToolsVersion = 7.3.1;
						TestTargetID = 818EDF331D64BBD8006180B1;
					};
				};
			};
			buildConfigurationList = 818EDF2F1D64BBD8006180B1 /* Build configuration list for PBXProject "TopiTunesAppsDemo" */;
			compatibilityVersion = "Xcode 3.2";
			developmentRegion = English;
			hasScannedForEncodings = 0;
			knownRegions = (
				en,
				Base,
			);
			mainGroup = 818EDF2B1D64BBD8006180B1;
			productRefGroup = 818EDF351D64BBD8006180B1 /* Products */;
			projectDirPath = "";
			projectRoot = "";
			targets = (
				818EDF331D64BBD8006180B1 /* TopiTunesAppsDemo */,
				818EE0461D674C46006180B1 /* TopiTunesAppsDemoTests */,
			);
		};
/* End PBXProject section */

/* Begin PBXResourcesBuildPhase section */
		818EDF321D64BBD8006180B1 /* Resources */ = {
			isa = PBXResourcesBuildPhase;
			buildActionMask = 2147483647;
			files = (
				818EDF421D64BBD9006180B1 /* LaunchScreen.storyboard in Resources */,
				818EDF3F1D64BBD9006180B1 /* Assets.xcassets in Resources */,
				818EDF3D1D64BBD8006180B1 /* Main.storyboard in Resources */,
			);
			runOnlyForDeploymentPostprocessing = 0;
		};
		818EE0451D674C46006180B1 /* Resources */ = {
			isa = PBXResourcesBuildPhase;
			buildActionMask = 2147483647;
			files = (
			);
			runOnlyForDeploymentPostprocessing = 0;
		};
/* End PBXResourcesBuildPhase section */

/* Begin PBXSourcesBuildPhase section */
		818EDF301D64BBD8006180B1 /* Sources */ = {
			isa = PBXSourcesBuildPhase;
			buildActionMask = 2147483647;
			files = (
				818EDF3A1D64BBD8006180B1 /* ViewController.swift in Sources */,
				818EDF6A1D64E357006180B1 /* Custom_TableViewCell.swift in Sources */,
				818EE0321D6650BF006180B1 /* DetailViewController.swift in Sources */,
				818EDF381D64BBD8006180B1 /* AppDelegate.swift in Sources */,
				5227889B1D653FEC00675886 /* ITunesApp.swift in Sources */,
			);
			runOnlyForDeploymentPostprocessing = 0;
		};
		818EE0431D674C46006180B1 /* Sources */ = {
			isa = PBXSourcesBuildPhase;
			buildActionMask = 2147483647;
			files = (
				818EE04A1D674C46006180B1 /* TopiTunesAppsDemoTests.swift in Sources */,
			);
			runOnlyForDeploymentPostprocessing = 0;
		};
/* End PBXSourcesBuildPhase section */

/* Begin PBXTargetDependency section */
		818EE04D1D674C46006180B1 /* PBXTargetDependency */ = {
			isa = PBXTargetDependency;
			target = 818EDF331D64BBD8006180B1 /* TopiTunesAppsDemo */;
			targetProxy = 818EE04C1D674C46006180B1 /* PBXContainerItemProxy */;
		};
/* End PBXTargetDependency section */

/* Begin PBXVariantGroup section */
		818EDF3B1D64BBD8006180B1 /* Main.storyboard */ = {
			isa = PBXVariantGroup;
			children = (
				818EDF3C1D64BBD8006180B1 /* Base */,
			);
			name = Main.storyboard;
			sourceTree = "<group>";
		};
		818EDF401D64BBD9006180B1 /* LaunchScreen.storyboard */ = {
			isa = PBXVariantGroup;
			children = (
				818EDF411D64BBD9006180B1 /* Base */,
			);
			name = LaunchScreen.storyboard;
			sourceTree = "<group>";
		};
/* End PBXVariantGroup section */

/* Begin XCBuildConfiguration section */
		818EDF441D64BBD9006180B1 /* Debug */ = {
			isa = XCBuildConfiguration;
			buildSettings = {
				ALWAYS_SEARCH_USER_PATHS = NO;
				CLANG_ANALYZER_NONNULL = YES;
				CLANG_CXX_LANGUAGE_STANDARD = "gnu++0x";
				CLANG_CXX_LIBRARY = "libc++";
				CLANG_ENABLE_MODULES = YES;
				CLANG_ENABLE_OBJC_ARC = YES;
				CLANG_WARN_BOOL_CONVERSION = YES;
				CLANG_WARN_CONSTANT_CONVERSION = YES;
				CLANG_WARN_DIRECT_OBJC_ISA_USAGE = YES_ERROR;
				CLANG_WARN_EMPTY_BODY = YES;
				CLANG_WARN_ENUM_CONVERSION = YES;
				CLANG_WARN_INT_CONVERSION = YES;
				CLANG_WARN_OBJC_ROOT_CLASS = YES_ERROR;
				CLANG_WARN_UNREACHABLE_CODE = YES;
				CLANG_WARN__DUPLICATE_METHOD_MATCH = YES;
				"CODE_SIGN_IDENTITY[sdk=iphoneos*]" = "iPhone Developer";
				COPY_PHASE_STRIP = NO;
				DEBUG_INFORMATION_FORMAT = dwarf;
				ENABLE_STRICT_OBJC_MSGSEND = YES;
				ENABLE_TESTABILITY = YES;
				GCC_C_LANGUAGE_STANDARD = gnu99;
				GCC_DYNAMIC_NO_PIC = NO;
				GCC_NO_COMMON_BLOCKS = YES;
				GCC_OPTIMIZATION_LEVEL = 0;
				GCC_PREPROCESSOR_DEFINITIONS = (
					"DEBUG=1",
					"$(inherited)",
				);
				GCC_WARN_64_TO_32_BIT_CONVERSION = YES;
				GCC_WARN_ABOUT_RETURN_TYPE = YES_ERROR;
				GCC_WARN_UNDECLARED_SELECTOR = YES;
				GCC_WARN_UNINITIALIZED_AUTOS = YES_AGGRESSIVE;
				GCC_WARN_UNUSED_FUNCTION = YES;
				GCC_WARN_UNUSED_VARIABLE = YES;
				IPHONEOS_DEPLOYMENT_TARGET = 9.3;
				MTL_ENABLE_DEBUG_INFO = YES;
				ONLY_ACTIVE_ARCH = YES;
				SDKROOT = iphoneos;
				SWIFT_OPTIMIZATION_LEVEL = "-Onone";
				TARGETED_DEVICE_FAMILY = "1,2";
			};
			name = Debug;
		};
		818EDF451D64BBD9006180B1 /* Release */ = {
			isa = XCBuildConfiguration;
			buildSettings = {
				ALWAYS_SEARCH_USER_PATHS = NO;
				CLANG_ANALYZER_NONNULL = YES;
				CLANG_CXX_LANGUAGE_STANDARD = "gnu++0x";
				CLANG_CXX_LIBRARY = "libc++";
				CLANG_ENABLE_MODULES = YES;
				CLANG_ENABLE_OBJC_ARC = YES;
				CLANG_WARN_BOOL_CONVERSION = YES;
				CLANG_WARN_CONSTANT_CONVERSION = YES;
				CLANG_WARN_DIRECT_OBJC_ISA_USAGE = YES_ERROR;
				CLANG_WARN_EMPTY_BODY = YES;
				CLANG_WARN_ENUM_CONVERSION = YES;
				CLANG_WARN_INT_CONVERSION = YES;
				CLANG_WARN_OBJC_ROOT_CLASS = YES_ERROR;
				CLANG_WARN_UNREACHABLE_CODE = YES;
				CLANG_WARN__DUPLICATE_METHOD_MATCH = YES;
				"CODE_SIGN_IDENTITY[sdk=iphoneos*]" = "iPhone Developer";
				COPY_PHASE_STRIP = NO;
				DEBUG_INFORMATION_FORMAT = "dwarf-with-dsym";
				ENABLE_NS_ASSERTIONS = NO;
				ENABLE_STRICT_OBJC_MSGSEND = YES;
				GCC_C_LANGUAGE_STANDARD = gnu99;
				GCC_NO_COMMON_BLOCKS = YES;
				GCC_WARN_64_TO_32_BIT_CONVERSION = YES;
				GCC_WARN_ABOUT_RETURN_TYPE = YES_ERROR;
				GCC_WARN_UNDECLARED_SELECTOR = YES;
				GCC_WARN_UNINITIALIZED_AUTOS = YES_AGGRESSIVE;
				GCC_WARN_UNUSED_FUNCTION = YES;
				GCC_WARN_UNUSED_VARIABLE = YES;
				IPHONEOS_DEPLOYMENT_TARGET = 9.3;
				MTL_ENABLE_DEBUG_INFO = NO;
				SDKROOT = iphoneos;
				TARGETED_DEVICE_FAMILY = "1,2";
				VALIDATE_PRODUCT = YES;
			};
			name = Release;
		};
		818EDF471D64BBD9006180B1 /* Debug */ = {
			isa = XCBuildConfiguration;
			buildSettings = {
				ASSETCATALOG_COMPILER_APPICON_NAME = AppIcon;
				INFOPLIST_FILE = TopiTunesAppsDemo/Info.plist;
				LD_RUNPATH_SEARCH_PATHS = "$(inherited) @executable_path/Frameworks";
				PRODUCT_BUNDLE_IDENTIFIER = com.yournamegoeshere.TopiTunesAppsDemo;
				PRODUCT_NAME = "$(TARGET_NAME)";
			};
			name = Debug;
		};
		818EDF481D64BBD9006180B1 /* Release */ = {
			isa = XCBuildConfiguration;
			buildSettings = {
				ASSETCATALOG_COMPILER_APPICON_NAME = AppIcon;
				INFOPLIST_FILE = TopiTunesAppsDemo/Info.plist;
				LD_RUNPATH_SEARCH_PATHS = "$(inherited) @executable_path/Frameworks";
				PRODUCT_BUNDLE_IDENTIFIER = com.yournamegoeshere.TopiTunesAppsDemo;
				PRODUCT_NAME = "$(TARGET_NAME)";
			};
			name = Release;
		};
		818EE04F1D674C46006180B1 /* Debug */ = {
			isa = XCBuildConfiguration;
			buildSettings = {
				BUNDLE_LOADER = "$(TEST_HOST)";
				INFOPLIST_FILE = TopiTunesAppsDemoTests/Info.plist;
				LD_RUNPATH_SEARCH_PATHS = "$(inherited) @executable_path/Frameworks @loader_path/Frameworks";
				PRODUCT_BUNDLE_IDENTIFIER = com.disney.TopiTunesAppsDemoTests;
				PRODUCT_NAME = "$(TARGET_NAME)";
				TEST_HOST = "$(BUILT_PRODUCTS_DIR)/TopiTunesAppsDemo.app/TopiTunesAppsDemo";
			};
			name = Debug;
		};
		818EE0501D674C46006180B1 /* Release */ = {
			isa = XCBuildConfiguration;
			buildSettings = {
				BUNDLE_LOADER = "$(TEST_HOST)";
				INFOPLIST_FILE = TopiTunesAppsDemoTests/Info.plist;
				LD_RUNPATH_SEARCH_PATHS = "$(inherited) @executable_path/Frameworks @loader_path/Frameworks";
				PRODUCT_BUNDLE_IDENTIFIER = com.disney.TopiTunesAppsDemoTests;
				PRODUCT_NAME = "$(TARGET_NAME)";
				TEST_HOST = "$(BUILT_PRODUCTS_DIR)/TopiTunesAppsDemo.app/TopiTunesAppsDemo";
			};
			name = Release;
		};
/* End XCBuildConfiguration section */

/* Begin XCConfigurationList section */
		818EDF2F1D64BBD8006180B1 /* Build configuration list for PBXProject "TopiTunesAppsDemo" */ = {
			isa = XCConfigurationList;
			buildConfigurations = (
				818EDF441D64BBD9006180B1 /* Debug */,
				818EDF451D64BBD9006180B1 /* Release */,
			);
			defaultConfigurationIsVisible = 0;
			defaultConfigurationName = Release;
		};
		818EDF461D64BBD9006180B1 /* Build configuration list for PBXNativeTarget "TopiTunesAppsDemo" */ = {
			isa = XCConfigurationList;
			buildConfigurations = (
				818EDF471D64BBD9006180B1 /* Debug */,
				818EDF481D64BBD9006180B1 /* Release */,
			);
			defaultConfigurationIsVisible = 0;
			defaultConfigurationName = Release;
		};
		818EE04E1D674C46006180B1 /* Build configuration list for PBXNativeTarget "TopiTunesAppsDemoTests" */ = {
			isa = XCConfigurationList;
			buildConfigurations = (
				818EE04F1D674C46006180B1 /* Debug */,
				818EE0501D674C46006180B1 /* Release */,
			);
			defaultConfigurationIsVisible = 0;
		};
/* End XCConfigurationList section */
	};
	rootObject = 818EDF2C1D64BBD8006180B1 /* Project object */;
}
