// !$*UTF8*$!
{
	archiveVersion = 1;
	classes = {
	};
	objectVersion = 46;
	objects = {

/* Begin PBXBuildFile section */
		818EDE941D635B6F006180B1 /* extensions.swift in Sources */ = {isa = PBXBuildFile; fileRef = 818EDE931D635B6F006180B1 /* extensions.swift */; };
		819D88031D6262C200042B97 /* AppDelegate.swift in Sources */ = {isa = PBXBuildFile; fileRef = 819D88021D6262C200042B97 /* AppDelegate.swift */; };
		819D88051D6262C200042B97 /* ViewController.swift in Sources */ = {isa = PBXBuildFile; fileRef = 819D88041D6262C200042B97 /* ViewController.swift */; };
		819D88081D6262C200042B97 /* Main.storyboard in Resources */ = {isa = PBXBuildFile; fileRef = 819D88061D6262C200042B97 /* Main.storyboard */; };
		819D880A1D6262C200042B97 /* Assets.xcassets in Resources */ = {isa = PBXBuildFile; fileRef = 819D88091D6262C200042B97 /* Assets.xcassets */; };
		819D880D1D6262C200042B97 /* LaunchScreen.storyboard in Resources */ = {isa = PBXBuildFile; fileRef = 819D880B1D6262C200042B97 /* LaunchScreen.storyboard */; };
/* End PBXBuildFile section */

/* Begin PBXFileReference section */
		818EDE931D635B6F006180B1 /* extensions.swift */ = {isa = PBXFileReference; fileEncoding = 4; lastKnownFileType = sourcecode.swift; path = extensions.swift; sourceTree = "<group>"; };
		819D87FF1D6262C200042B97 /* TableViewOnExistingController.app */ = {isa = PBXFileReference; explicitFileType = wrapper.application; includeInIndex = 0; path = TableViewOnExistingController.app; sourceTree = BUILT_PRODUCTS_DIR; };
		819D88021D6262C200042B97 /* AppDelegate.swift */ = {isa = PBXFileReference; lastKnownFileType = sourcecode.swift; path = AppDelegate.swift; sourceTree = "<group>"; };
		819D88041D6262C200042B97 /* ViewController.swift */ = {isa = PBXFileReference; lastKnownFileType = sourcecode.swift; path = ViewController.swift; sourceTree = "<group>"; };
		819D88071D6262C200042B97 /* Base */ = {isa = PBXFileReference; lastKnownFileType = file.storyboard; name = Base; path = Base.lproj/Main.storyboard; sourceTree = "<group>"; };
		819D88091D6262C200042B97 /* Assets.xcassets */ = {isa = PBXFileReference; lastKnownFileType = folder.assetcatalog; path = Assets.xcassets; sourceTree = "<group>"; };
		819D880C1D6262C200042B97 /* Base */ = {isa = PBXFileReference; lastKnownFileType = file.storyboard; name = Base; path = Base.lproj/LaunchScreen.storyboard; sourceTree = "<group>"; };
		819D880E1D6262C200042B97 /* Info.plist */ = {isa = PBXFileReference; lastKnownFileType = text.plist.xml; path = Info.plist; sourceTree = "<group>"; };
/* End PBXFileReference section */

/* Begin PBXFrameworksBuildPhase section */
		819D87FC1D6262C200042B97 /* Frameworks */ = {
			isa = PBXFrameworksBuildPhase;
			buildActionMask = 2147483647;
			files = (
			);
			runOnlyForDeploymentPostprocessing = 0;
		};
/* End PBXFrameworksBuildPhase section */

/* Begin PBXGroup section */
		819D87F61D6262C200042B97 = {
			isa = PBXGroup;
			children = (
				819D88011D6262C200042B97 /* TableViewOnExistingController */,
				819D88001D6262C200042B97 /* Products */,
			);
			sourceTree = "<group>";
		};
		819D88001D6262C200042B97 /* Products */ = {
			isa = PBXGroup;
			children = (
				819D87FF1D6262C200042B97 /* TableViewOnExistingController.app */,
			);
			name = Products;
			sourceTree = "<group>";
		};
		819D88011D6262C200042B97 /* TableViewOnExistingController */ = {
			isa = PBXGroup;
			children = (
				819D88021D6262C200042B97 /* AppDelegate.swift */,
				819D88041D6262C200042B97 /* ViewController.swift */,
				819D88061D6262C200042B97 /* Main.storyboard */,
				819D88091D6262C200042B97 /* Assets.xcassets */,
				819D880B1D6262C200042B97 /* LaunchScreen.storyboard */,
				819D880E1D6262C200042B97 /* Info.plist */,
				818EDE931D635B6F006180B1 /* extensions.swift */,
			);
			path = TableViewOnExistingController;
			sourceTree = "<group>";
		};
/* End PBXGroup section */

/* Begin PBXNativeTarget section */
		819D87FE1D6262C200042B97 /* TableViewOnExistingController */ = {
			isa = PBXNativeTarget;
			buildConfigurationList = 819D88111D6262C200042B97 /* Build configuration list for PBXNativeTarget "TableViewOnExistingController" */;
			buildPhases = (
				819D87FB1D6262C200042B97 /* Sources */,
				819D87FC1D6262C200042B97 /* Frameworks */,
				819D87FD1D6262C200042B97 /* Resources */,
			);
			buildRules = (
			);
			dependencies = (
			);
			name = TableViewOnExistingController;
			productName = TableViewOnExistingController;
			productReference = 819D87FF1D6262C200042B97 /* TableViewOnExistingController.app */;
			productType = "com.apple.product-type.application";
		};
/* End PBXNativeTarget section */

/* Begin PBXProject section */
		819D87F71D6262C200042B97 /* Project object */ = {
			isa = PBXProject;
			attributes = {
				LastSwiftUpdateCheck = 0730;
				LastUpgradeCheck = 0730;
				ORGANIZATIONNAME = "Papa, John L";
				TargetAttributes = {
					819D87FE1D6262C200042B97 = {
						CreatedOnToolsVersion = 7.3.1;
					};
				};
			};
			buildConfigurationList = 819D87FA1D6262C200042B97 /* Build configuration list for PBXProject "TableViewOnExistingController" */;
			compatibilityVersion = "Xcode 3.2";
			developmentRegion = English;
			hasScannedForEncodings = 0;
			knownRegions = (
				en,
				Base,
			);
			mainGroup = 819D87F61D6262C200042B97;
			productRefGroup = 819D88001D6262C200042B97 /* Products */;
			projectDirPath = "";
			projectRoot = "";
			targets = (
				819D87FE1D6262C200042B97 /* TableViewOnExistingController */,
			);
		};
/* End PBXProject section */

/* Begin PBXResourcesBuildPhase section */
		819D87FD1D6262C200042B97 /* Resources */ = {
			isa = PBXResourcesBuildPhase;
			buildActionMask = 2147483647;
			files = (
				819D880D1D6262C200042B97 /* LaunchScreen.storyboard in Resources */,
				819D880A1D6262C200042B97 /* Assets.xcassets in Resources */,
				819D88081D6262C200042B97 /* Main.storyboard in Resources */,
			);
			runOnlyForDeploymentPostprocessing = 0;
		};
/* End PBXResourcesBuildPhase section */

/* Begin PBXSourcesBuildPhase section */
		819D87FB1D6262C200042B97 /* Sources */ = {
			isa = PBXSourcesBuildPhase;
			buildActionMask = 2147483647;
			files = (
				819D88051D6262C200042B97 /* ViewController.swift in Sources */,
				819D88031D6262C200042B97 /* AppDelegate.swift in Sources */,
				818EDE941D635B6F006180B1 /* extensions.swift in Sources */,
			);
			runOnlyForDeploymentPostprocessing = 0;
		};
/* End PBXSourcesBuildPhase section */

/* Begin PBXVariantGroup section */
		819D88061D6262C200042B97 /* Main.storyboard */ = {
			isa = PBXVariantGroup;
			children = (
				819D88071D6262C200042B97 /* Base */,
			);
			name = Main.storyboard;
			sourceTree = "<group>";
		};
		819D880B1D6262C200042B97 /* LaunchScreen.storyboard */ = {
			isa = PBXVariantGroup;
			children = (
				819D880C1D6262C200042B97 /* Base */,
			);
			name = LaunchScreen.storyboard;
			sourceTree = "<group>";
		};
/* End PBXVariantGroup section */

/* Begin XCBuildConfiguration section */
		819D880F1D6262C200042B97 /* Debug */ = {
			isa = XCBuildConfiguration;
			buildSettings = {
				ALWAYS_SEARCH_USER_PATHS = NO;
				CLANG_ANALYZER_NONNULL = YES;
				CLANG_CXX_LANGUAGE_STANDARD = "gnu++0x";
				CLANG_CXX_LIBRARY = "libc++";
				CLANG_ENABLE_MODULES = YES;
				CLANG_ENABLE_OBJC_ARC = YES;
				CLANG_WARN_BOOL_CONVERSION = YES;
				CLANG_WARN_CONSTANT_CONVERSION = YES;
				CLANG_WARN_DIRECT_OBJC_ISA_USAGE = YES_ERROR;
				CLANG_WARN_EMPTY_BODY = YES;
				CLANG_WARN_ENUM_CONVERSION = YES;
				CLANG_WARN_INT_CONVERSION = YES;
				CLANG_WARN_OBJC_ROOT_CLASS = YES_ERROR;
				CLANG_WARN_UNREACHABLE_CODE = YES;
				CLANG_WARN__DUPLICATE_METHOD_MATCH = YES;
				"CODE_SIGN_IDENTITY[sdk=iphoneos*]" = "iPhone Developer";
				COPY_PHASE_STRIP = NO;
				DEBUG_INFORMATION_FORMAT = dwarf;
				ENABLE_STRICT_OBJC_MSGSEND = YES;
				ENABLE_TESTABILITY = YES;
				GCC_C_LANGUAGE_STANDARD = gnu99;
				GCC_DYNAMIC_NO_PIC = NO;
				GCC_NO_COMMON_BLOCKS = YES;
				GCC_OPTIMIZATION_LEVEL = 0;
				GCC_PREPROCESSOR_DEFINITIONS = (
					"DEBUG=1",
					"$(inherited)",
				);
				GCC_WARN_64_TO_32_BIT_CONVERSION = YES;
				GCC_WARN_ABOUT_RETURN_TYPE = YES_ERROR;
				GCC_WARN_UNDECLARED_SELECTOR = YES;
				GCC_WARN_UNINITIALIZED_AUTOS = YES_AGGRESSIVE;
				GCC_WARN_UNUSED_FUNCTION = YES;
				GCC_WARN_UNUSED_VARIABLE = YES;
				IPHONEOS_DEPLOYMENT_TARGET = 9.3;
				MTL_ENABLE_DEBUG_INFO = YES;
				ONLY_ACTIVE_ARCH = YES;
				SDKROOT = iphoneos;
				SWIFT_OPTIMIZATION_LEVEL = "-Onone";
				TARGETED_DEVICE_FAMILY = "1,2";
			};
			name = Debug;
		};
		819D88101D6262C200042B97 /* Release */ = {
			isa = XCBuildConfiguration;
			buildSettings = {
				ALWAYS_SEARCH_USER_PATHS = NO;
				CLANG_ANALYZER_NONNULL = YES;
				CLANG_CXX_LANGUAGE_STANDARD = "gnu++0x";
				CLANG_CXX_LIBRARY = "libc++";
				CLANG_ENABLE_MODULES = YES;
				CLANG_ENABLE_OBJC_ARC = YES;
				CLANG_WARN_BOOL_CONVERSION = YES;
				CLANG_WARN_CONSTANT_CONVERSION = YES;
				CLANG_WARN_DIRECT_OBJC_ISA_USAGE = YES_ERROR;
				CLANG_WARN_EMPTY_BODY = YES;
				CLANG_WARN_ENUM_CONVERSION = YES;
				CLANG_WARN_INT_CONVERSION = YES;
				CLANG_WARN_OBJC_ROOT_CLASS = YES_ERROR;
				CLANG_WARN_UNREACHABLE_CODE = YES;
				CLANG_WARN__DUPLICATE_METHOD_MATCH = YES;
				"CODE_SIGN_IDENTITY[sdk=iphoneos*]" = "iPhone Developer";
				COPY_PHASE_STRIP = NO;
				DEBUG_INFORMATION_FORMAT = "dwarf-with-dsym";
				ENABLE_NS_ASSERTIONS = NO;
				ENABLE_STRICT_OBJC_MSGSEND = YES;
				GCC_C_LANGUAGE_STANDARD = gnu99;
				GCC_NO_COMMON_BLOCKS = YES;
				GCC_WARN_64_TO_32_BIT_CONVERSION = YES;
				GCC_WARN_ABOUT_RETURN_TYPE = YES_ERROR;
				GCC_WARN_UNDECLARED_SELECTOR = YES;
				GCC_WARN_UNINITIALIZED_AUTOS = YES_AGGRESSIVE;
				GCC_WARN_UNUSED_FUNCTION = YES;
				GCC_WARN_UNUSED_VARIABLE = YES;
				IPHONEOS_DEPLOYMENT_TARGET = 9.3;
				MTL_ENABLE_DEBUG_INFO = NO;
				SDKROOT = iphoneos;
				TARGETED_DEVICE_FAMILY = "1,2";
				VALIDATE_PRODUCT = YES;
			};
			name = Release;
		};
		819D88121D6262C200042B97 /* Debug */ = {
			isa = XCBuildConfiguration;
			buildSettings = {
				ASSETCATALOG_COMPILER_APPICON_NAME = AppIcon;
				INFOPLIST_FILE = TableViewOnExistingController/Info.plist;
				LD_RUNPATH_SEARCH_PATHS = "$(inherited) @executable_path/Frameworks";
				PRODUCT_BUNDLE_IDENTIFIER = com.yournamegoeshere.TableViewOnExistingController;
				PRODUCT_NAME = "$(TARGET_NAME)";
			};
			name = Debug;
		};
		819D88131D6262C200042B97 /* Release */ = {
			isa = XCBuildConfiguration;
			buildSettings = {
				ASSETCATALOG_COMPILER_APPICON_NAME = AppIcon;
				INFOPLIST_FILE = TableViewOnExistingController/Info.plist;
				LD_RUNPATH_SEARCH_PATHS = "$(inherited) @executable_path/Frameworks";
				PRODUCT_BUNDLE_IDENTIFIER = com.yournamegoeshere.TableViewOnExistingController;
				PRODUCT_NAME = "$(TARGET_NAME)";
			};
			name = Release;
		};
/* End XCBuildConfiguration section */

/* Begin XCConfigurationList section */
		819D87FA1D6262C200042B97 /* Build configuration list for PBXProject "TableViewOnExistingController" */ = {
			isa = XCConfigurationList;
			buildConfigurations = (
				819D880F1D6262C200042B97 /* Debug */,
				819D88101D6262C200042B97 /* Release */,
			);
			defaultConfigurationIsVisible = 0;
			defaultConfigurationName = Release;
		};
		819D88111D6262C200042B97 /* Build configuration list for PBXNativeTarget "TableViewOnExistingController" */ = {
			isa = XCConfigurationList;
			buildConfigurations = (
				819D88121D6262C200042B97 /* Debug */,
				819D88131D6262C200042B97 /* Release */,
			);
			defaultConfigurationIsVisible = 0;
			defaultConfigurationName = Release;
		};
/* End XCConfigurationList section */
	};
	rootObject = 819D87F71D6262C200042B97 /* Project object */;
}
