// !$*UTF8*$!
{
	archiveVersion = 1;
	classes = {
	};
	objectVersion = 46;
	objects = {

/* Begin PBXBuildFile section */
		F9104CBC1D4BF217000CEA76 /* AppDelegate.swift in Sources */ = {isa = PBXBuildFile; fileRef = F9104CBB1D4BF217000CEA76 /* AppDelegate.swift */; };
		F9104CBE1D4BF217000CEA76 /* ViewController.swift in Sources */ = {isa = PBXBuildFile; fileRef = F9104CBD1D4BF217000CEA76 /* ViewController.swift */; };
		F9104CC11D4BF217000CEA76 /* Main.storyboard in Resources */ = {isa = PBXBuildFile; fileRef = F9104CBF1D4BF217000CEA76 /* Main.storyboard */; };
		F9104CC31D4BF217000CEA76 /* Assets.xcassets in Resources */ = {isa = PBXBuildFile; fileRef = F9104CC21D4BF217000CEA76 /* Assets.xcassets */; };
		F9104CC61D4BF217000CEA76 /* LaunchScreen.storyboard in Resources */ = {isa = PBXBuildFile; fileRef = F9104CC41D4BF217000CEA76 /* LaunchScreen.storyboard */; };
		F9104CD01D4BF23C000CEA76 /* FontsController.swift in Sources */ = {isa = PBXBuildFile; fileRef = F9104CCD1D4BF23C000CEA76 /* FontsController.swift */; };
		F9104CD11D4BF23C000CEA76 /* InputText.swift in Sources */ = {isa = PBXBuildFile; fileRef = F9104CCE1D4BF23C000CEA76 /* InputText.swift */; };
		F9104CD21D4BF23C000CEA76 /* ResultController.swift in Sources */ = {isa = PBXBuildFile; fileRef = F9104CCF1D4BF23C000CEA76 /* ResultController.swift */; };
/* End PBXBuildFile section */

/* Begin PBXFileReference section */
		F9104CB81D4BF217000CEA76 /* TextEditorDemo.app */ = {isa = PBXFileReference; explicitFileType = wrapper.application; includeInIndex = 0; path = TextEditorDemo.app; sourceTree = BUILT_PRODUCTS_DIR; };
		F9104CBB1D4BF217000CEA76 /* AppDelegate.swift */ = {isa = PBXFileReference; lastKnownFileType = sourcecode.swift; path = AppDelegate.swift; sourceTree = "<group>"; };
		F9104CBD1D4BF217000CEA76 /* ViewController.swift */ = {isa = PBXFileReference; lastKnownFileType = sourcecode.swift; path = ViewController.swift; sourceTree = "<group>"; };
		F9104CC01D4BF217000CEA76 /* Base */ = {isa = PBXFileReference; lastKnownFileType = file.storyboard; name = Base; path = Base.lproj/Main.storyboard; sourceTree = "<group>"; };
		F9104CC21D4BF217000CEA76 /* Assets.xcassets */ = {isa = PBXFileReference; lastKnownFileType = folder.assetcatalog; path = Assets.xcassets; sourceTree = "<group>"; };
		F9104CC51D4BF217000CEA76 /* Base */ = {isa = PBXFileReference; lastKnownFileType = file.storyboard; name = Base; path = Base.lproj/LaunchScreen.storyboard; sourceTree = "<group>"; };
		F9104CC71D4BF217000CEA76 /* Info.plist */ = {isa = PBXFileReference; lastKnownFileType = text.plist.xml; path = Info.plist; sourceTree = "<group>"; };
		F9104CCD1D4BF23C000CEA76 /* FontsController.swift */ = {isa = PBXFileReference; fileEncoding = 4; lastKnownFileType = sourcecode.swift; name = FontsController.swift; path = ../../../TextEditorDemo/TextEditorDemo/FontsController.swift; sourceTree = "<group>"; };
		F9104CCE1D4BF23C000CEA76 /* InputText.swift */ = {isa = PBXFileReference; fileEncoding = 4; lastKnownFileType = sourcecode.swift; name = InputText.swift; path = ../../../TextEditorDemo/TextEditorDemo/InputText.swift; sourceTree = "<group>"; };
		F9104CCF1D4BF23C000CEA76 /* ResultController.swift */ = {isa = PBXFileReference; fileEncoding = 4; lastKnownFileType = sourcecode.swift; name = ResultController.swift; path = ../../../TextEditorDemo/TextEditorDemo/ResultController.swift; sourceTree = "<group>"; };
/* End PBXFileReference section */

/* Begin PBXFrameworksBuildPhase section */
		F9104CB51D4BF217000CEA76 /* Frameworks */ = {
			isa = PBXFrameworksBuildPhase;
			buildActionMask = 2147483647;
			files = (
			);
			runOnlyForDeploymentPostprocessing = 0;
		};
/* End PBXFrameworksBuildPhase section */

/* Begin PBXGroup section */
		F9104CAF1D4BF217000CEA76 = {
			isa = PBXGroup;
			children = (
				F9104CBA1D4BF217000CEA76 /* TextEditorDemo */,
				F9104CB91D4BF217000CEA76 /* Products */,
			);
			sourceTree = "<group>";
		};
		F9104CB91D4BF217000CEA76 /* Products */ = {
			isa = PBXGroup;
			children = (
				F9104CB81D4BF217000CEA76 /* TextEditorDemo.app */,
			);
			name = Products;
			sourceTree = "<group>";
		};
		F9104CBA1D4BF217000CEA76 /* TextEditorDemo */ = {
			isa = PBXGroup;
			children = (
				F9104CCD1D4BF23C000CEA76 /* FontsController.swift */,
				F9104CCE1D4BF23C000CEA76 /* InputText.swift */,
				F9104CCF1D4BF23C000CEA76 /* ResultController.swift */,
				F9104CBB1D4BF217000CEA76 /* AppDelegate.swift */,
				F9104CBD1D4BF217000CEA76 /* ViewController.swift */,
				F9104CBF1D4BF217000CEA76 /* Main.storyboard */,
				F9104CC21D4BF217000CEA76 /* Assets.xcassets */,
				F9104CC41D4BF217000CEA76 /* LaunchScreen.storyboard */,
				F9104CC71D4BF217000CEA76 /* Info.plist */,
			);
			path = TextEditorDemo;
			sourceTree = "<group>";
		};
/* End PBXGroup section */

/* Begin PBXNativeTarget section */
		F9104CB71D4BF217000CEA76 /* TextEditorDemo */ = {
			isa = PBXNativeTarget;
			buildConfigurationList = F9104CCA1D4BF217000CEA76 /* Build configuration list for PBXNativeTarget "TextEditorDemo" */;
			buildPhases = (
				F9104CB41D4BF217000CEA76 /* Sources */,
				F9104CB51D4BF217000CEA76 /* Frameworks */,
				F9104CB61D4BF217000CEA76 /* Resources */,
			);
			buildRules = (
			);
			dependencies = (
			);
			name = TextEditorDemo;
			productName = TextEditorDemo;
			productReference = F9104CB81D4BF217000CEA76 /* TextEditorDemo.app */;
			productType = "com.apple.product-type.application";
		};
/* End PBXNativeTarget section */

/* Begin PBXProject section */
		F9104CB01D4BF217000CEA76 /* Project object */ = {
			isa = PBXProject;
			attributes = {
				LastSwiftUpdateCheck = 0730;
				LastUpgradeCheck = 0730;
				TargetAttributes = {
					F9104CB71D4BF217000CEA76 = {
						CreatedOnToolsVersion = 7.3.1;
					};
				};
			};
			buildConfigurationList = F9104CB31D4BF217000CEA76 /* Build configuration list for PBXProject "TextEditorDemo" */;
			compatibilityVersion = "Xcode 3.2";
			developmentRegion = English;
			hasScannedForEncodings = 0;
			knownRegions = (
				en,
				Base,
			);
			mainGroup = F9104CAF1D4BF217000CEA76;
			productRefGroup = F9104CB91D4BF217000CEA76 /* Products */;
			projectDirPath = "";
			projectRoot = "";
			targets = (
				F9104CB71D4BF217000CEA76 /* TextEditorDemo */,
			);
		};
/* End PBXProject section */

/* Begin PBXResourcesBuildPhase section */
		F9104CB61D4BF217000CEA76 /* Resources */ = {
			isa = PBXResourcesBuildPhase;
			buildActionMask = 2147483647;
			files = (
				F9104CC61D4BF217000CEA76 /* LaunchScreen.storyboard in Resources */,
				F9104CC31D4BF217000CEA76 /* Assets.xcassets in Resources */,
				F9104CC11D4BF217000CEA76 /* Main.storyboard in Resources */,
			);
			runOnlyForDeploymentPostprocessing = 0;
		};
/* End PBXResourcesBuildPhase section */

/* Begin PBXSourcesBuildPhase section */
		F9104CB41D4BF217000CEA76 /* Sources */ = {
			isa = PBXSourcesBuildPhase;
			buildActionMask = 2147483647;
			files = (
				F9104CBE1D4BF217000CEA76 /* ViewController.swift in Sources */,
				F9104CBC1D4BF217000CEA76 /* AppDelegate.swift in Sources */,
				F9104CD21D4BF23C000CEA76 /* ResultController.swift in Sources */,
				F9104CD01D4BF23C000CEA76 /* FontsController.swift in Sources */,
				F9104CD11D4BF23C000CEA76 /* InputText.swift in Sources */,
			);
			runOnlyForDeploymentPostprocessing = 0;
		};
/* End PBXSourcesBuildPhase section */

/* Begin PBXVariantGroup section */
		F9104CBF1D4BF217000CEA76 /* Main.storyboard */ = {
			isa = PBXVariantGroup;
			children = (
				F9104CC01D4BF217000CEA76 /* Base */,
			);
			name = Main.storyboard;
			sourceTree = "<group>";
		};
		F9104CC41D4BF217000CEA76 /* LaunchScreen.storyboard */ = {
			isa = PBXVariantGroup;
			children = (
				F9104CC51D4BF217000CEA76 /* Base */,
			);
			name = LaunchScreen.storyboard;
			sourceTree = "<group>";
		};
/* End PBXVariantGroup section */

/* Begin XCBuildConfiguration section */
		F9104CC81D4BF217000CEA76 /* Debug */ = {
			isa = XCBuildConfiguration;
			buildSettings = {
				ALWAYS_SEARCH_USER_PATHS = NO;
				CLANG_ANALYZER_NONNULL = YES;
				CLANG_CXX_LANGUAGE_STANDARD = "gnu++0x";
				CLANG_CXX_LIBRARY = "libc++";
				CLANG_ENABLE_MODULES = YES;
				CLANG_ENABLE_OBJC_ARC = YES;
				CLANG_WARN_BOOL_CONVERSION = YES;
				CLANG_WARN_CONSTANT_CONVERSION = YES;
				CLANG_WARN_DIRECT_OBJC_ISA_USAGE = YES_ERROR;
				CLANG_WARN_EMPTY_BODY = YES;
				CLANG_WARN_ENUM_CONVERSION = YES;
				CLANG_WARN_INT_CONVERSION = YES;
				CLANG_WARN_OBJC_ROOT_CLASS = YES_ERROR;
				CLANG_WARN_UNREACHABLE_CODE = YES;
				CLANG_WARN__DUPLICATE_METHOD_MATCH = YES;
				"CODE_SIGN_IDENTITY[sdk=iphoneos*]" = "iPhone Developer";
				COPY_PHASE_STRIP = NO;
				DEBUG_INFORMATION_FORMAT = dwarf;
				ENABLE_STRICT_OBJC_MSGSEND = YES;
				ENABLE_TESTABILITY = YES;
				GCC_C_LANGUAGE_STANDARD = gnu99;
				GCC_DYNAMIC_NO_PIC = NO;
				GCC_NO_COMMON_BLOCKS = YES;
				GCC_OPTIMIZATION_LEVEL = 0;
				GCC_PREPROCESSOR_DEFINITIONS = (
					"DEBUG=1",
					"$(inherited)",
				);
				GCC_WARN_64_TO_32_BIT_CONVERSION = YES;
				GCC_WARN_ABOUT_RETURN_TYPE = YES_ERROR;
				GCC_WARN_UNDECLARED_SELECTOR = YES;
				GCC_WARN_UNINITIALIZED_AUTOS = YES_AGGRESSIVE;
				GCC_WARN_UNUSED_FUNCTION = YES;
				GCC_WARN_UNUSED_VARIABLE = YES;
				IPHONEOS_DEPLOYMENT_TARGET = 9.3;
				MTL_ENABLE_DEBUG_INFO = YES;
				ONLY_ACTIVE_ARCH = YES;
				SDKROOT = iphoneos;
				SWIFT_OPTIMIZATION_LEVEL = "-Onone";
				TARGETED_DEVICE_FAMILY = "1,2";
			};
			name = Debug;
		};
		F9104CC91D4BF217000CEA76 /* Release */ = {
			isa = XCBuildConfiguration;
			buildSettings = {
				ALWAYS_SEARCH_USER_PATHS = NO;
				CLANG_ANALYZER_NONNULL = YES;
				CLANG_CXX_LANGUAGE_STANDARD = "gnu++0x";
				CLANG_CXX_LIBRARY = "libc++";
				CLANG_ENABLE_MODULES = YES;
				CLANG_ENABLE_OBJC_ARC = YES;
				CLANG_WARN_BOOL_CONVERSION = YES;
				CLANG_WARN_CONSTANT_CONVERSION = YES;
				CLANG_WARN_DIRECT_OBJC_ISA_USAGE = YES_ERROR;
				CLANG_WARN_EMPTY_BODY = YES;
				CLANG_WARN_ENUM_CONVERSION = YES;
				CLANG_WARN_INT_CONVERSION = YES;
				CLANG_WARN_OBJC_ROOT_CLASS = YES_ERROR;
				CLANG_WARN_UNREACHABLE_CODE = YES;
				CLANG_WARN__DUPLICATE_METHOD_MATCH = YES;
				"CODE_SIGN_IDENTITY[sdk=iphoneos*]" = "iPhone Developer";
				COPY_PHASE_STRIP = NO;
				DEBUG_INFORMATION_FORMAT = "dwarf-with-dsym";
				ENABLE_NS_ASSERTIONS = NO;
				ENABLE_STRICT_OBJC_MSGSEND = YES;
				GCC_C_LANGUAGE_STANDARD = gnu99;
				GCC_NO_COMMON_BLOCKS = YES;
				GCC_WARN_64_TO_32_BIT_CONVERSION = YES;
				GCC_WARN_ABOUT_RETURN_TYPE = YES_ERROR;
				GCC_WARN_UNDECLARED_SELECTOR = YES;
				GCC_WARN_UNINITIALIZED_AUTOS = YES_AGGRESSIVE;
				GCC_WARN_UNUSED_FUNCTION = YES;
				GCC_WARN_UNUSED_VARIABLE = YES;
				IPHONEOS_DEPLOYMENT_TARGET = 9.3;
				MTL_ENABLE_DEBUG_INFO = NO;
				SDKROOT = iphoneos;
				TARGETED_DEVICE_FAMILY = "1,2";
				VALIDATE_PRODUCT = YES;
			};
			name = Release;
		};
		F9104CCB1D4BF217000CEA76 /* Debug */ = {
			isa = XCBuildConfiguration;
			buildSettings = {
				ASSETCATALOG_COMPILER_APPICON_NAME = AppIcon;
				INFOPLIST_FILE = TextEditorDemo/Info.plist;
				LD_RUNPATH_SEARCH_PATHS = "$(inherited) @executable_path/Frameworks";
				PRODUCT_BUNDLE_IDENTIFIER = com.TextEditorDemo;
				PRODUCT_NAME = "$(TARGET_NAME)";
			};
			name = Debug;
		};
		F9104CCC1D4BF217000CEA76 /* Release */ = {
			isa = XCBuildConfiguration;
			buildSettings = {
				ASSETCATALOG_COMPILER_APPICON_NAME = AppIcon;
				INFOPLIST_FILE = TextEditorDemo/Info.plist;
				LD_RUNPATH_SEARCH_PATHS = "$(inherited) @executable_path/Frameworks";
				PRODUCT_BUNDLE_IDENTIFIER = com.TextEditorDemo;
				PRODUCT_NAME = "$(TARGET_NAME)";
			};
			name = Release;
		};
/* End XCBuildConfiguration section */

/* Begin XCConfigurationList section */
		F9104CB31D4BF217000CEA76 /* Build configuration list for PBXProject "TextEditorDemo" */ = {
			isa = XCConfigurationList;
			buildConfigurations = (
				F9104CC81D4BF217000CEA76 /* Debug */,
				F9104CC91D4BF217000CEA76 /* Release */,
			);
			defaultConfigurationIsVisible = 0;
			defaultConfigurationName = Release;
		};
		F9104CCA1D4BF217000CEA76 /* Build configuration list for PBXNativeTarget "TextEditorDemo" */ = {
			isa = XCConfigurationList;
			buildConfigurations = (
				F9104CCB1D4BF217000CEA76 /* Debug */,
				F9104CCC1D4BF217000CEA76 /* Release */,
			);
			defaultConfigurationIsVisible = 0;
		};
/* End XCConfigurationList section */
	};
	rootObject = F9104CB01D4BF217000CEA76 /* Project object */;
}
