// !$*UTF8*$!
{
	archiveVersion = 1;
	classes = {
	};
	objectVersion = 46;
	objects = {

/* Begin PBXBuildFile section */
		8170C00E1D49390800D3F32F /* AppDelegate.swift in Sources */ = {isa = PBXBuildFile; fileRef = 8170C00D1D49390800D3F32F /* AppDelegate.swift */; };
		8170C0101D49390800D3F32F /* ViewController.swift in Sources */ = {isa = PBXBuildFile; fileRef = 8170C00F1D49390800D3F32F /* ViewController.swift */; };
		8170C0131D49390800D3F32F /* Main.storyboard in Resources */ = {isa = PBXBuildFile; fileRef = 8170C0111D49390800D3F32F /* Main.storyboard */; };
		8170C0151D49390800D3F32F /* Assets.xcassets in Resources */ = {isa = PBXBuildFile; fileRef = 8170C0141D49390800D3F32F /* Assets.xcassets */; };
		8170C0181D49390800D3F32F /* LaunchScreen.storyboard in Resources */ = {isa = PBXBuildFile; fileRef = 8170C0161D49390800D3F32F /* LaunchScreen.storyboard */; };
/* End PBXBuildFile section */

/* Begin PBXFileReference section */
		8170C00A1D49390800D3F32F /* ShowDelayedStrings.app */ = {isa = PBXFileReference; explicitFileType = wrapper.application; includeInIndex = 0; path = ShowDelayedStrings.app; sourceTree = BUILT_PRODUCTS_DIR; };
		8170C00D1D49390800D3F32F /* AppDelegate.swift */ = {isa = PBXFileReference; lastKnownFileType = sourcecode.swift; path = AppDelegate.swift; sourceTree = "<group>"; };
		8170C00F1D49390800D3F32F /* ViewController.swift */ = {isa = PBXFileReference; lastKnownFileType = sourcecode.swift; path = ViewController.swift; sourceTree = "<group>"; };
		8170C0121D49390800D3F32F /* Base */ = {isa = PBXFileReference; lastKnownFileType = file.storyboard; name = Base; path = Base.lproj/Main.storyboard; sourceTree = "<group>"; };
		8170C0141D49390800D3F32F /* Assets.xcassets */ = {isa = PBXFileReference; lastKnownFileType = folder.assetcatalog; path = Assets.xcassets; sourceTree = "<group>"; };
		8170C0171D49390800D3F32F /* Base */ = {isa = PBXFileReference; lastKnownFileType = file.storyboard; name = Base; path = Base.lproj/LaunchScreen.storyboard; sourceTree = "<group>"; };
		8170C0191D49390800D3F32F /* Info.plist */ = {isa = PBXFileReference; lastKnownFileType = text.plist.xml; path = Info.plist; sourceTree = "<group>"; };
/* End PBXFileReference section */

/* Begin PBXFrameworksBuildPhase section */
		8170C0071D49390800D3F32F /* Frameworks */ = {
			isa = PBXFrameworksBuildPhase;
			buildActionMask = 2147483647;
			files = (
			);
			runOnlyForDeploymentPostprocessing = 0;
		};
/* End PBXFrameworksBuildPhase section */

/* Begin PBXGroup section */
		8170C0011D49390800D3F32F = {
			isa = PBXGroup;
			children = (
				8170C00C1D49390800D3F32F /* ShowDelayedStrings */,
				8170C00B1D49390800D3F32F /* Products */,
			);
			sourceTree = "<group>";
		};
		8170C00B1D49390800D3F32F /* Products */ = {
			isa = PBXGroup;
			children = (
				8170C00A1D49390800D3F32F /* ShowDelayedStrings.app */,
			);
			name = Products;
			sourceTree = "<group>";
		};
		8170C00C1D49390800D3F32F /* ShowDelayedStrings */ = {
			isa = PBXGroup;
			children = (
				8170C00D1D49390800D3F32F /* AppDelegate.swift */,
				8170C00F1D49390800D3F32F /* ViewController.swift */,
				8170C0111D49390800D3F32F /* Main.storyboard */,
				8170C0141D49390800D3F32F /* Assets.xcassets */,
				8170C0161D49390800D3F32F /* LaunchScreen.storyboard */,
				8170C0191D49390800D3F32F /* Info.plist */,
			);
			path = ShowDelayedStrings;
			sourceTree = "<group>";
		};
/* End PBXGroup section */

/* Begin PBXNativeTarget section */
		8170C0091D49390800D3F32F /* ShowDelayedStrings */ = {
			isa = PBXNativeTarget;
			buildConfigurationList = 8170C01C1D49390800D3F32F /* Build configuration list for PBXNativeTarget "ShowDelayedStrings" */;
			buildPhases = (
				8170C0061D49390800D3F32F /* Sources */,
				8170C0071D49390800D3F32F /* Frameworks */,
				8170C0081D49390800D3F32F /* Resources */,
			);
			buildRules = (
			);
			dependencies = (
			);
			name = ShowDelayedStrings;
			productName = ShowDelayedStrings;
			productReference = 8170C00A1D49390800D3F32F /* ShowDelayedStrings.app */;
			productType = "com.apple.product-type.application";
		};
/* End PBXNativeTarget section */

/* Begin PBXProject section */
		8170C0021D49390800D3F32F /* Project object */ = {
			isa = PBXProject;
			attributes = {
				LastSwiftUpdateCheck = 0730;
				LastUpgradeCheck = 0730;
				ORGANIZATIONNAME = "Papa, John L";
				TargetAttributes = {
					8170C0091D49390800D3F32F = {
						CreatedOnToolsVersion = 7.3.1;
					};
				};
			};
			buildConfigurationList = 8170C0051D49390800D3F32F /* Build configuration list for PBXProject "ShowDelayedStrings" */;
			compatibilityVersion = "Xcode 3.2";
			developmentRegion = English;
			hasScannedForEncodings = 0;
			knownRegions = (
				en,
				Base,
			);
			mainGroup = 8170C0011D49390800D3F32F;
			productRefGroup = 8170C00B1D49390800D3F32F /* Products */;
			projectDirPath = "";
			projectRoot = "";
			targets = (
				8170C0091D49390800D3F32F /* ShowDelayedStrings */,
			);
		};
/* End PBXProject section */

/* Begin PBXResourcesBuildPhase section */
		8170C0081D49390800D3F32F /* Resources */ = {
			isa = PBXResourcesBuildPhase;
			buildActionMask = 2147483647;
			files = (
				8170C0181D49390800D3F32F /* LaunchScreen.storyboard in Resources */,
				8170C0151D49390800D3F32F /* Assets.xcassets in Resources */,
				8170C0131D49390800D3F32F /* Main.storyboard in Resources */,
			);
			runOnlyForDeploymentPostprocessing = 0;
		};
/* End PBXResourcesBuildPhase section */

/* Begin PBXSourcesBuildPhase section */
		8170C0061D49390800D3F32F /* Sources */ = {
			isa = PBXSourcesBuildPhase;
			buildActionMask = 2147483647;
			files = (
				8170C0101D49390800D3F32F /* ViewController.swift in Sources */,
				8170C00E1D49390800D3F32F /* AppDelegate.swift in Sources */,
			);
			runOnlyForDeploymentPostprocessing = 0;
		};
/* End PBXSourcesBuildPhase section */

/* Begin PBXVariantGroup section */
		8170C0111D49390800D3F32F /* Main.storyboard */ = {
			isa = PBXVariantGroup;
			children = (
				8170C0121D49390800D3F32F /* Base */,
			);
			name = Main.storyboard;
			sourceTree = "<group>";
		};
		8170C0161D49390800D3F32F /* LaunchScreen.storyboard */ = {
			isa = PBXVariantGroup;
			children = (
				8170C0171D49390800D3F32F /* Base */,
			);
			name = LaunchScreen.storyboard;
			sourceTree = "<group>";
		};
/* End PBXVariantGroup section */

/* Begin XCBuildConfiguration section */
		8170C01A1D49390800D3F32F /* Debug */ = {
			isa = XCBuildConfiguration;
			buildSettings = {
				ALWAYS_SEARCH_USER_PATHS = NO;
				CLANG_ANALYZER_NONNULL = YES;
				CLANG_CXX_LANGUAGE_STANDARD = "gnu++0x";
				CLANG_CXX_LIBRARY = "libc++";
				CLANG_ENABLE_MODULES = YES;
				CLANG_ENABLE_OBJC_ARC = YES;
				CLANG_WARN_BOOL_CONVERSION = YES;
				CLANG_WARN_CONSTANT_CONVERSION = YES;
				CLANG_WARN_DIRECT_OBJC_ISA_USAGE = YES_ERROR;
				CLANG_WARN_EMPTY_BODY = YES;
				CLANG_WARN_ENUM_CONVERSION = YES;
				CLANG_WARN_INT_CONVERSION = YES;
				CLANG_WARN_OBJC_ROOT_CLASS = YES_ERROR;
				CLANG_WARN_UNREACHABLE_CODE = YES;
				CLANG_WARN__DUPLICATE_METHOD_MATCH = YES;
				"CODE_SIGN_IDENTITY[sdk=iphoneos*]" = "iPhone Developer";
				COPY_PHASE_STRIP = NO;
				DEBUG_INFORMATION_FORMAT = dwarf;
				ENABLE_STRICT_OBJC_MSGSEND = YES;
				ENABLE_TESTABILITY = YES;
				GCC_C_LANGUAGE_STANDARD = gnu99;
				GCC_DYNAMIC_NO_PIC = NO;
				GCC_NO_COMMON_BLOCKS = YES;
				GCC_OPTIMIZATION_LEVEL = 0;
				GCC_PREPROCESSOR_DEFINITIONS = (
					"DEBUG=1",
					"$(inherited)",
				);
				GCC_WARN_64_TO_32_BIT_CONVERSION = YES;
				GCC_WARN_ABOUT_RETURN_TYPE = YES_ERROR;
				GCC_WARN_UNDECLARED_SELECTOR = YES;
				GCC_WARN_UNINITIALIZED_AUTOS = YES_AGGRESSIVE;
				GCC_WARN_UNUSED_FUNCTION = YES;
				GCC_WARN_UNUSED_VARIABLE = YES;
				IPHONEOS_DEPLOYMENT_TARGET = 9.3;
				MTL_ENABLE_DEBUG_INFO = YES;
				ONLY_ACTIVE_ARCH = YES;
				SDKROOT = iphoneos;
				SWIFT_OPTIMIZATION_LEVEL = "-Onone";
				TARGETED_DEVICE_FAMILY = "1,2";
			};
			name = Debug;
		};
		8170C01B1D49390800D3F32F /* Release */ = {
			isa = XCBuildConfiguration;
			buildSettings = {
				ALWAYS_SEARCH_USER_PATHS = NO;
				CLANG_ANALYZER_NONNULL = YES;
				CLANG_CXX_LANGUAGE_STANDARD = "gnu++0x";
				CLANG_CXX_LIBRARY = "libc++";
				CLANG_ENABLE_MODULES = YES;
				CLANG_ENABLE_OBJC_ARC = YES;
				CLANG_WARN_BOOL_CONVERSION = YES;
				CLANG_WARN_CONSTANT_CONVERSION = YES;
				CLANG_WARN_DIRECT_OBJC_ISA_USAGE = YES_ERROR;
				CLANG_WARN_EMPTY_BODY = YES;
				CLANG_WARN_ENUM_CONVERSION = YES;
				CLANG_WARN_INT_CONVERSION = YES;
				CLANG_WARN_OBJC_ROOT_CLASS = YES_ERROR;
				CLANG_WARN_UNREACHABLE_CODE = YES;
				CLANG_WARN__DUPLICATE_METHOD_MATCH = YES;
				"CODE_SIGN_IDENTITY[sdk=iphoneos*]" = "iPhone Developer";
				COPY_PHASE_STRIP = NO;
				DEBUG_INFORMATION_FORMAT = "dwarf-with-dsym";
				ENABLE_NS_ASSERTIONS = NO;
				ENABLE_STRICT_OBJC_MSGSEND = YES;
				GCC_C_LANGUAGE_STANDARD = gnu99;
				GCC_NO_COMMON_BLOCKS = YES;
				GCC_WARN_64_TO_32_BIT_CONVERSION = YES;
				GCC_WARN_ABOUT_RETURN_TYPE = YES_ERROR;
				GCC_WARN_UNDECLARED_SELECTOR = YES;
				GCC_WARN_UNINITIALIZED_AUTOS = YES_AGGRESSIVE;
				GCC_WARN_UNUSED_FUNCTION = YES;
				GCC_WARN_UNUSED_VARIABLE = YES;
				IPHONEOS_DEPLOYMENT_TARGET = 9.3;
				MTL_ENABLE_DEBUG_INFO = NO;
				SDKROOT = iphoneos;
				TARGETED_DEVICE_FAMILY = "1,2";
				VALIDATE_PRODUCT = YES;
			};
			name = Release;
		};
		8170C01D1D49390800D3F32F /* Debug */ = {
			isa = XCBuildConfiguration;
			buildSettings = {
				ASSETCATALOG_COMPILER_APPICON_NAME = AppIcon;
				INFOPLIST_FILE = ShowDelayedStrings/Info.plist;
				LD_RUNPATH_SEARCH_PATHS = "$(inherited) @executable_path/Frameworks";
				PRODUCT_BUNDLE_IDENTIFIER = com.disney.ShowDelayedStrings;
				PRODUCT_NAME = "$(TARGET_NAME)";
			};
			name = Debug;
		};
		8170C01E1D49390800D3F32F /* Release */ = {
			isa = XCBuildConfiguration;
			buildSettings = {
				ASSETCATALOG_COMPILER_APPICON_NAME = AppIcon;
				INFOPLIST_FILE = ShowDelayedStrings/Info.plist;
				LD_RUNPATH_SEARCH_PATHS = "$(inherited) @executable_path/Frameworks";
				PRODUCT_BUNDLE_IDENTIFIER = com.disney.ShowDelayedStrings;
				PRODUCT_NAME = "$(TARGET_NAME)";
			};
			name = Release;
		};
/* End XCBuildConfiguration section */

/* Begin XCConfigurationList section */
		8170C0051D49390800D3F32F /* Build configuration list for PBXProject "ShowDelayedStrings" */ = {
			isa = XCConfigurationList;
			buildConfigurations = (
				8170C01A1D49390800D3F32F /* Debug */,
				8170C01B1D49390800D3F32F /* Release */,
			);
			defaultConfigurationIsVisible = 0;
			defaultConfigurationName = Release;
		};
		8170C01C1D49390800D3F32F /* Build configuration list for PBXNativeTarget "ShowDelayedStrings" */ = {
			isa = XCConfigurationList;
			buildConfigurations = (
				8170C01D1D49390800D3F32F /* Debug */,
				8170C01E1D49390800D3F32F /* Release */,
			);
			defaultConfigurationIsVisible = 0;
		};
/* End XCConfigurationList section */
	};
	rootObject = 8170C0021D49390800D3F32F /* Project object */;
}
