// !$*UTF8*$!
{
	archiveVersion = 1;
	classes = {
	};
	objectVersion = 46;
	objects = {

/* Begin PBXBuildFile section */
		818EDF781D65099A006180B1 /* AppDelegate.swift in Sources */ = {isa = PBXBuildFile; fileRef = 818EDF771D65099A006180B1 /* AppDelegate.swift */; };
		818EDF7A1D65099A006180B1 /* MasterViewController.swift in Sources */ = {isa = PBXBuildFile; fileRef = 818EDF791D65099A006180B1 /* MasterViewController.swift */; };
		818EDF7D1D65099A006180B1 /* Main.storyboard in Resources */ = {isa = PBXBuildFile; fileRef = 818EDF7B1D65099A006180B1 /* Main.storyboard */; };
		818EDF7F1D65099A006180B1 /* Assets.xcassets in Resources */ = {isa = PBXBuildFile; fileRef = 818EDF7E1D65099A006180B1 /* Assets.xcassets */; };
		818EDF821D65099A006180B1 /* LaunchScreen.storyboard in Resources */ = {isa = PBXBuildFile; fileRef = 818EDF801D65099A006180B1 /* LaunchScreen.storyboard */; };
		818EDF8A1D650A9B006180B1 /* DetailViewController.swift in Sources */ = {isa = PBXBuildFile; fileRef = 818EDF891D650A9B006180B1 /* DetailViewController.swift */; };
/* End PBXBuildFile section */

/* Begin PBXFileReference section */
		818EDF741D65099A006180B1 /* MasterDetailNav.app */ = {isa = PBXFileReference; explicitFileType = wrapper.application; includeInIndex = 0; path = MasterDetailNav.app; sourceTree = BUILT_PRODUCTS_DIR; };
		818EDF771D65099A006180B1 /* AppDelegate.swift */ = {isa = PBXFileReference; lastKnownFileType = sourcecode.swift; path = AppDelegate.swift; sourceTree = "<group>"; };
		818EDF791D65099A006180B1 /* MasterViewController.swift */ = {isa = PBXFileReference; lastKnownFileType = sourcecode.swift; path = MasterViewController.swift; sourceTree = "<group>"; };
		818EDF7C1D65099A006180B1 /* Base */ = {isa = PBXFileReference; lastKnownFileType = file.storyboard; name = Base; path = Base.lproj/Main.storyboard; sourceTree = "<group>"; };
		818EDF7E1D65099A006180B1 /* Assets.xcassets */ = {isa = PBXFileReference; lastKnownFileType = folder.assetcatalog; path = Assets.xcassets; sourceTree = "<group>"; };
		818EDF811D65099A006180B1 /* Base */ = {isa = PBXFileReference; lastKnownFileType = file.storyboard; name = Base; path = Base.lproj/LaunchScreen.storyboard; sourceTree = "<group>"; };
		818EDF831D65099A006180B1 /* Info.plist */ = {isa = PBXFileReference; lastKnownFileType = text.plist.xml; path = Info.plist; sourceTree = "<group>"; };
		818EDF891D650A9B006180B1 /* DetailViewController.swift */ = {isa = PBXFileReference; fileEncoding = 4; lastKnownFileType = sourcecode.swift; path = DetailViewController.swift; sourceTree = "<group>"; };
/* End PBXFileReference section */

/* Begin PBXFrameworksBuildPhase section */
		818EDF711D65099A006180B1 /* Frameworks */ = {
			isa = PBXFrameworksBuildPhase;
			buildActionMask = 2147483647;
			files = (
			);
			runOnlyForDeploymentPostprocessing = 0;
		};
/* End PBXFrameworksBuildPhase section */

/* Begin PBXGroup section */
		818EDF6B1D65099A006180B1 = {
			isa = PBXGroup;
			children = (
				818EDF761D65099A006180B1 /* MasterDetailNav */,
				818EDF751D65099A006180B1 /* Products */,
			);
			sourceTree = "<group>";
		};
		818EDF751D65099A006180B1 /* Products */ = {
			isa = PBXGroup;
			children = (
				818EDF741D65099A006180B1 /* MasterDetailNav.app */,
			);
			name = Products;
			sourceTree = "<group>";
		};
		818EDF761D65099A006180B1 /* MasterDetailNav */ = {
			isa = PBXGroup;
			children = (
				818EDF771D65099A006180B1 /* AppDelegate.swift */,
				818EDF791D65099A006180B1 /* MasterViewController.swift */,
				818EDF7B1D65099A006180B1 /* Main.storyboard */,
				818EDF7E1D65099A006180B1 /* Assets.xcassets */,
				818EDF801D65099A006180B1 /* LaunchScreen.storyboard */,
				818EDF831D65099A006180B1 /* Info.plist */,
				818EDF891D650A9B006180B1 /* DetailViewController.swift */,
			);
			path = MasterDetailNav;
			sourceTree = "<group>";
		};
/* End PBXGroup section */

/* Begin PBXNativeTarget section */
		818EDF731D65099A006180B1 /* MasterDetailNav */ = {
			isa = PBXNativeTarget;
			buildConfigurationList = 818EDF861D65099A006180B1 /* Build configuration list for PBXNativeTarget "MasterDetailNav" */;
			buildPhases = (
				818EDF701D65099A006180B1 /* Sources */,
				818EDF711D65099A006180B1 /* Frameworks */,
				818EDF721D65099A006180B1 /* Resources */,
			);
			buildRules = (
			);
			dependencies = (
			);
			name = MasterDetailNav;
			productName = MasterDetailNav;
			productReference = 818EDF741D65099A006180B1 /* MasterDetailNav.app */;
			productType = "com.apple.product-type.application";
		};
/* End PBXNativeTarget section */

/* Begin PBXProject section */
		818EDF6C1D65099A006180B1 /* Project object */ = {
			isa = PBXProject;
			attributes = {
				LastSwiftUpdateCheck = 0730;
				LastUpgradeCheck = 0730;
				ORGANIZATIONNAME = "Papa, John L";
				TargetAttributes = {
					818EDF731D65099A006180B1 = {
						CreatedOnToolsVersion = 7.3.1;
					};
				};
			};
			buildConfigurationList = 818EDF6F1D65099A006180B1 /* Build configuration list for PBXProject "MasterDetailNav" */;
			compatibilityVersion = "Xcode 3.2";
			developmentRegion = English;
			hasScannedForEncodings = 0;
			knownRegions = (
				en,
				Base,
			);
			mainGroup = 818EDF6B1D65099A006180B1;
			productRefGroup = 818EDF751D65099A006180B1 /* Products */;
			projectDirPath = "";
			projectRoot = "";
			targets = (
				818EDF731D65099A006180B1 /* MasterDetailNav */,
			);
		};
/* End PBXProject section */

/* Begin PBXResourcesBuildPhase section */
		818EDF721D65099A006180B1 /* Resources */ = {
			isa = PBXResourcesBuildPhase;
			buildActionMask = 2147483647;
			files = (
				818EDF821D65099A006180B1 /* LaunchScreen.storyboard in Resources */,
				818EDF7F1D65099A006180B1 /* Assets.xcassets in Resources */,
				818EDF7D1D65099A006180B1 /* Main.storyboard in Resources */,
			);
			runOnlyForDeploymentPostprocessing = 0;
		};
/* End PBXResourcesBuildPhase section */

/* Begin PBXSourcesBuildPhase section */
		818EDF701D65099A006180B1 /* Sources */ = {
			isa = PBXSourcesBuildPhase;
			buildActionMask = 2147483647;
			files = (
				818EDF8A1D650A9B006180B1 /* DetailViewController.swift in Sources */,
				818EDF7A1D65099A006180B1 /* MasterViewController.swift in Sources */,
				818EDF781D65099A006180B1 /* AppDelegate.swift in Sources */,
			);
			runOnlyForDeploymentPostprocessing = 0;
		};
/* End PBXSourcesBuildPhase section */

/* Begin PBXVariantGroup section */
		818EDF7B1D65099A006180B1 /* Main.storyboard */ = {
			isa = PBXVariantGroup;
			children = (
				818EDF7C1D65099A006180B1 /* Base */,
			);
			name = Main.storyboard;
			sourceTree = "<group>";
		};
		818EDF801D65099A006180B1 /* LaunchScreen.storyboard */ = {
			isa = PBXVariantGroup;
			children = (
				818EDF811D65099A006180B1 /* Base */,
			);
			name = LaunchScreen.storyboard;
			sourceTree = "<group>";
		};
/* End PBXVariantGroup section */

/* Begin XCBuildConfiguration section */
		818EDF841D65099A006180B1 /* Debug */ = {
			isa = XCBuildConfiguration;
			buildSettings = {
				ALWAYS_SEARCH_USER_PATHS = NO;
				CLANG_ANALYZER_NONNULL = YES;
				CLANG_CXX_LANGUAGE_STANDARD = "gnu++0x";
				CLANG_CXX_LIBRARY = "libc++";
				CLANG_ENABLE_MODULES = YES;
				CLANG_ENABLE_OBJC_ARC = YES;
				CLANG_WARN_BOOL_CONVERSION = YES;
				CLANG_WARN_CONSTANT_CONVERSION = YES;
				CLANG_WARN_DIRECT_OBJC_ISA_USAGE = YES_ERROR;
				CLANG_WARN_EMPTY_BODY = YES;
				CLANG_WARN_ENUM_CONVERSION = YES;
				CLANG_WARN_INT_CONVERSION = YES;
				CLANG_WARN_OBJC_ROOT_CLASS = YES_ERROR;
				CLANG_WARN_UNREACHABLE_CODE = YES;
				CLANG_WARN__DUPLICATE_METHOD_MATCH = YES;
				"CODE_SIGN_IDENTITY[sdk=iphoneos*]" = "iPhone Developer";
				COPY_PHASE_STRIP = NO;
				DEBUG_INFORMATION_FORMAT = dwarf;
				ENABLE_STRICT_OBJC_MSGSEND = YES;
				ENABLE_TESTABILITY = YES;
				GCC_C_LANGUAGE_STANDARD = gnu99;
				GCC_DYNAMIC_NO_PIC = NO;
				GCC_NO_COMMON_BLOCKS = YES;
				GCC_OPTIMIZATION_LEVEL = 0;
				GCC_PREPROCESSOR_DEFINITIONS = (
					"DEBUG=1",
					"$(inherited)",
				);
				GCC_WARN_64_TO_32_BIT_CONVERSION = YES;
				GCC_WARN_ABOUT_RETURN_TYPE = YES_ERROR;
				GCC_WARN_UNDECLARED_SELECTOR = YES;
				GCC_WARN_UNINITIALIZED_AUTOS = YES_AGGRESSIVE;
				GCC_WARN_UNUSED_FUNCTION = YES;
				GCC_WARN_UNUSED_VARIABLE = YES;
				IPHONEOS_DEPLOYMENT_TARGET = 9.3;
				MTL_ENABLE_DEBUG_INFO = YES;
				ONLY_ACTIVE_ARCH = YES;
				SDKROOT = iphoneos;
				SWIFT_OPTIMIZATION_LEVEL = "-Onone";
				TARGETED_DEVICE_FAMILY = "1,2";
			};
			name = Debug;
		};
		818EDF851D65099A006180B1 /* Release */ = {
			isa = XCBuildConfiguration;
			buildSettings = {
				ALWAYS_SEARCH_USER_PATHS = NO;
				CLANG_ANALYZER_NONNULL = YES;
				CLANG_CXX_LANGUAGE_STANDARD = "gnu++0x";
				CLANG_CXX_LIBRARY = "libc++";
				CLANG_ENABLE_MODULES = YES;
				CLANG_ENABLE_OBJC_ARC = YES;
				CLANG_WARN_BOOL_CONVERSION = YES;
				CLANG_WARN_CONSTANT_CONVERSION = YES;
				CLANG_WARN_DIRECT_OBJC_ISA_USAGE = YES_ERROR;
				CLANG_WARN_EMPTY_BODY = YES;
				CLANG_WARN_ENUM_CONVERSION = YES;
				CLANG_WARN_INT_CONVERSION = YES;
				CLANG_WARN_OBJC_ROOT_CLASS = YES_ERROR;
				CLANG_WARN_UNREACHABLE_CODE = YES;
				CLANG_WARN__DUPLICATE_METHOD_MATCH = YES;
				"CODE_SIGN_IDENTITY[sdk=iphoneos*]" = "iPhone Developer";
				COPY_PHASE_STRIP = NO;
				DEBUG_INFORMATION_FORMAT = "dwarf-with-dsym";
				ENABLE_NS_ASSERTIONS = NO;
				ENABLE_STRICT_OBJC_MSGSEND = YES;
				GCC_C_LANGUAGE_STANDARD = gnu99;
				GCC_NO_COMMON_BLOCKS = YES;
				GCC_WARN_64_TO_32_BIT_CONVERSION = YES;
				GCC_WARN_ABOUT_RETURN_TYPE = YES_ERROR;
				GCC_WARN_UNDECLARED_SELECTOR = YES;
				GCC_WARN_UNINITIALIZED_AUTOS = YES_AGGRESSIVE;
				GCC_WARN_UNUSED_FUNCTION = YES;
				GCC_WARN_UNUSED_VARIABLE = YES;
				IPHONEOS_DEPLOYMENT_TARGET = 9.3;
				MTL_ENABLE_DEBUG_INFO = NO;
				SDKROOT = iphoneos;
				TARGETED_DEVICE_FAMILY = "1,2";
				VALIDATE_PRODUCT = YES;
			};
			name = Release;
		};
		818EDF871D65099A006180B1 /* Debug */ = {
			isa = XCBuildConfiguration;
			buildSettings = {
				ASSETCATALOG_COMPILER_APPICON_NAME = AppIcon;
				INFOPLIST_FILE = MasterDetailNav/Info.plist;
				LD_RUNPATH_SEARCH_PATHS = "$(inherited) @executable_path/Frameworks";
				PRODUCT_BUNDLE_IDENTIFIER = com.disney.MasterDetailNav;
				PRODUCT_NAME = "$(TARGET_NAME)";
			};
			name = Debug;
		};
		818EDF881D65099A006180B1 /* Release */ = {
			isa = XCBuildConfiguration;
			buildSettings = {
				ASSETCATALOG_COMPILER_APPICON_NAME = AppIcon;
				INFOPLIST_FILE = MasterDetailNav/Info.plist;
				LD_RUNPATH_SEARCH_PATHS = "$(inherited) @executable_path/Frameworks";
				PRODUCT_BUNDLE_IDENTIFIER = com.disney.MasterDetailNav;
				PRODUCT_NAME = "$(TARGET_NAME)";
			};
			name = Release;
		};
/* End XCBuildConfiguration section */

/* Begin XCConfigurationList section */
		818EDF6F1D65099A006180B1 /* Build configuration list for PBXProject "MasterDetailNav" */ = {
			isa = XCConfigurationList;
			buildConfigurations = (
				818EDF841D65099A006180B1 /* Debug */,
				818EDF851D65099A006180B1 /* Release */,
			);
			defaultConfigurationIsVisible = 0;
			defaultConfigurationName = Release;
		};
		818EDF861D65099A006180B1 /* Build configuration list for PBXNativeTarget "MasterDetailNav" */ = {
			isa = XCConfigurationList;
			buildConfigurations = (
				818EDF871D65099A006180B1 /* Debug */,
				818EDF881D65099A006180B1 /* Release */,
			);
			defaultConfigurationIsVisible = 0;
		};
/* End XCConfigurationList section */
	};
	rootObject = 818EDF6C1D65099A006180B1 /* Project object */;
}
