// !$*UTF8*$!
{
	archiveVersion = 1;
	classes = {
	};
	objectVersion = 46;
	objects = {

/* Begin PBXBuildFile section */
		819D87BD1D620D6800042B97 /* AppDelegate.swift in Sources */ = {isa = PBXBuildFile; fileRef = 819D87BC1D620D6800042B97 /* AppDelegate.swift */; };
		819D87BF1D620D6800042B97 /* GuestViewController.swift in Sources */ = {isa = PBXBuildFile; fileRef = 819D87BE1D620D6800042B97 /* GuestViewController.swift */; };
		819D87C21D620D6900042B97 /* Main.storyboard in Resources */ = {isa = PBXBuildFile; fileRef = 819D87C01D620D6900042B97 /* Main.storyboard */; };
		819D87C41D620D6900042B97 /* Assets.xcassets in Resources */ = {isa = PBXBuildFile; fileRef = 819D87C31D620D6900042B97 /* Assets.xcassets */; };
		819D87C71D620D6900042B97 /* LaunchScreen.storyboard in Resources */ = {isa = PBXBuildFile; fileRef = 819D87C51D620D6900042B97 /* LaunchScreen.storyboard */; };
		819D87D11D6210F300042B97 /* GuestInfo.swift in Sources */ = {isa = PBXBuildFile; fileRef = 819D87D01D6210F300042B97 /* GuestInfo.swift */; };
		819D87D31D6213EF00042B97 /* PickerViewController.swift in Sources */ = {isa = PBXBuildFile; fileRef = 819D87D21D6213EF00042B97 /* PickerViewController.swift */; };
/* End PBXBuildFile section */

/* Begin PBXFileReference section */
		819D87B91D620D6800042B97 /* GuestAndResortNavPicker.app */ = {isa = PBXFileReference; explicitFileType = wrapper.application; includeInIndex = 0; path = GuestAndResortNavPicker.app; sourceTree = BUILT_PRODUCTS_DIR; };
		819D87BC1D620D6800042B97 /* AppDelegate.swift */ = {isa = PBXFileReference; lastKnownFileType = sourcecode.swift; path = AppDelegate.swift; sourceTree = "<group>"; };
		819D87BE1D620D6800042B97 /* GuestViewController.swift */ = {isa = PBXFileReference; lastKnownFileType = sourcecode.swift; path = GuestViewController.swift; sourceTree = "<group>"; };
		819D87C11D620D6900042B97 /* Base */ = {isa = PBXFileReference; lastKnownFileType = file.storyboard; name = Base; path = Base.lproj/Main.storyboard; sourceTree = "<group>"; };
		819D87C31D620D6900042B97 /* Assets.xcassets */ = {isa = PBXFileReference; lastKnownFileType = folder.assetcatalog; path = Assets.xcassets; sourceTree = "<group>"; };
		819D87C61D620D6900042B97 /* Base */ = {isa = PBXFileReference; lastKnownFileType = file.storyboard; name = Base; path = Base.lproj/LaunchScreen.storyboard; sourceTree = "<group>"; };
		819D87C81D620D6900042B97 /* Info.plist */ = {isa = PBXFileReference; lastKnownFileType = text.plist.xml; path = Info.plist; sourceTree = "<group>"; };
		819D87D01D6210F300042B97 /* GuestInfo.swift */ = {isa = PBXFileReference; fileEncoding = 4; lastKnownFileType = sourcecode.swift; path = GuestInfo.swift; sourceTree = "<group>"; };
		819D87D21D6213EF00042B97 /* PickerViewController.swift */ = {isa = PBXFileReference; fileEncoding = 4; lastKnownFileType = sourcecode.swift; path = PickerViewController.swift; sourceTree = "<group>"; };
/* End PBXFileReference section */

/* Begin PBXFrameworksBuildPhase section */
		819D87B61D620D6800042B97 /* Frameworks */ = {
			isa = PBXFrameworksBuildPhase;
			buildActionMask = 2147483647;
			files = (
			);
			runOnlyForDeploymentPostprocessing = 0;
		};
/* End PBXFrameworksBuildPhase section */

/* Begin PBXGroup section */
		819D87B01D620D6800042B97 = {
			isa = PBXGroup;
			children = (
				819D87BB1D620D6800042B97 /* GuestAndResortNavPicker */,
				819D87BA1D620D6800042B97 /* Products */,
			);
			sourceTree = "<group>";
		};
		819D87BA1D620D6800042B97 /* Products */ = {
			isa = PBXGroup;
			children = (
				819D87B91D620D6800042B97 /* GuestAndResortNavPicker.app */,
			);
			name = Products;
			sourceTree = "<group>";
		};
		819D87BB1D620D6800042B97 /* GuestAndResortNavPicker */ = {
			isa = PBXGroup;
			children = (
				819D87BC1D620D6800042B97 /* AppDelegate.swift */,
				819D87BE1D620D6800042B97 /* GuestViewController.swift */,
				819D87C01D620D6900042B97 /* Main.storyboard */,
				819D87C31D620D6900042B97 /* Assets.xcassets */,
				819D87C51D620D6900042B97 /* LaunchScreen.storyboard */,
				819D87C81D620D6900042B97 /* Info.plist */,
				819D87D01D6210F300042B97 /* GuestInfo.swift */,
				819D87D21D6213EF00042B97 /* PickerViewController.swift */,
			);
			path = GuestAndResortNavPicker;
			sourceTree = "<group>";
		};
/* End PBXGroup section */

/* Begin PBXNativeTarget section */
		819D87B81D620D6800042B97 /* GuestAndResortNavPicker */ = {
			isa = PBXNativeTarget;
			buildConfigurationList = 819D87CB1D620D6900042B97 /* Build configuration list for PBXNativeTarget "GuestAndResortNavPicker" */;
			buildPhases = (
				819D87B51D620D6800042B97 /* Sources */,
				819D87B61D620D6800042B97 /* Frameworks */,
				819D87B71D620D6800042B97 /* Resources */,
			);
			buildRules = (
			);
			dependencies = (
			);
			name = GuestAndResortNavPicker;
			productName = GuestAndResortNavPicker;
			productReference = 819D87B91D620D6800042B97 /* GuestAndResortNavPicker.app */;
			productType = "com.apple.product-type.application";
		};
/* End PBXNativeTarget section */

/* Begin PBXProject section */
		819D87B11D620D6800042B97 /* Project object */ = {
			isa = PBXProject;
			attributes = {
				LastSwiftUpdateCheck = 0730;
				LastUpgradeCheck = 0730;
				ORGANIZATIONNAME = "Papa, John L";
				TargetAttributes = {
					819D87B81D620D6800042B97 = {
						CreatedOnToolsVersion = 7.3.1;
					};
				};
			};
			buildConfigurationList = 819D87B41D620D6800042B97 /* Build configuration list for PBXProject "GuestAndResortNavPicker" */;
			compatibilityVersion = "Xcode 3.2";
			developmentRegion = English;
			hasScannedForEncodings = 0;
			knownRegions = (
				en,
				Base,
			);
			mainGroup = 819D87B01D620D6800042B97;
			productRefGroup = 819D87BA1D620D6800042B97 /* Products */;
			projectDirPath = "";
			projectRoot = "";
			targets = (
				819D87B81D620D6800042B97 /* GuestAndResortNavPicker */,
			);
		};
/* End PBXProject section */

/* Begin PBXResourcesBuildPhase section */
		819D87B71D620D6800042B97 /* Resources */ = {
			isa = PBXResourcesBuildPhase;
			buildActionMask = 2147483647;
			files = (
				819D87C71D620D6900042B97 /* LaunchScreen.storyboard in Resources */,
				819D87C41D620D6900042B97 /* Assets.xcassets in Resources */,
				819D87C21D620D6900042B97 /* Main.storyboard in Resources */,
			);
			runOnlyForDeploymentPostprocessing = 0;
		};
/* End PBXResourcesBuildPhase section */

/* Begin PBXSourcesBuildPhase section */
		819D87B51D620D6800042B97 /* Sources */ = {
			isa = PBXSourcesBuildPhase;
			buildActionMask = 2147483647;
			files = (
				819D87D31D6213EF00042B97 /* PickerViewController.swift in Sources */,
				819D87D11D6210F300042B97 /* GuestInfo.swift in Sources */,
				819D87BF1D620D6800042B97 /* GuestViewController.swift in Sources */,
				819D87BD1D620D6800042B97 /* AppDelegate.swift in Sources */,
			);
			runOnlyForDeploymentPostprocessing = 0;
		};
/* End PBXSourcesBuildPhase section */

/* Begin PBXVariantGroup section */
		819D87C01D620D6900042B97 /* Main.storyboard */ = {
			isa = PBXVariantGroup;
			children = (
				819D87C11D620D6900042B97 /* Base */,
			);
			name = Main.storyboard;
			sourceTree = "<group>";
		};
		819D87C51D620D6900042B97 /* LaunchScreen.storyboard */ = {
			isa = PBXVariantGroup;
			children = (
				819D87C61D620D6900042B97 /* Base */,
			);
			name = LaunchScreen.storyboard;
			sourceTree = "<group>";
		};
/* End PBXVariantGroup section */

/* Begin XCBuildConfiguration section */
		819D87C91D620D6900042B97 /* Debug */ = {
			isa = XCBuildConfiguration;
			buildSettings = {
				ALWAYS_SEARCH_USER_PATHS = NO;
				CLANG_ANALYZER_NONNULL = YES;
				CLANG_CXX_LANGUAGE_STANDARD = "gnu++0x";
				CLANG_CXX_LIBRARY = "libc++";
				CLANG_ENABLE_MODULES = YES;
				CLANG_ENABLE_OBJC_ARC = YES;
				CLANG_WARN_BOOL_CONVERSION = YES;
				CLANG_WARN_CONSTANT_CONVERSION = YES;
				CLANG_WARN_DIRECT_OBJC_ISA_USAGE = YES_ERROR;
				CLANG_WARN_EMPTY_BODY = YES;
				CLANG_WARN_ENUM_CONVERSION = YES;
				CLANG_WARN_INT_CONVERSION = YES;
				CLANG_WARN_OBJC_ROOT_CLASS = YES_ERROR;
				CLANG_WARN_UNREACHABLE_CODE = YES;
				CLANG_WARN__DUPLICATE_METHOD_MATCH = YES;
				"CODE_SIGN_IDENTITY[sdk=iphoneos*]" = "iPhone Developer";
				COPY_PHASE_STRIP = NO;
				DEBUG_INFORMATION_FORMAT = dwarf;
				ENABLE_STRICT_OBJC_MSGSEND = YES;
				ENABLE_TESTABILITY = YES;
				GCC_C_LANGUAGE_STANDARD = gnu99;
				GCC_DYNAMIC_NO_PIC = NO;
				GCC_NO_COMMON_BLOCKS = YES;
				GCC_OPTIMIZATION_LEVEL = 0;
				GCC_PREPROCESSOR_DEFINITIONS = (
					"DEBUG=1",
					"$(inherited)",
				);
				GCC_WARN_64_TO_32_BIT_CONVERSION = YES;
				GCC_WARN_ABOUT_RETURN_TYPE = YES_ERROR;
				GCC_WARN_UNDECLARED_SELECTOR = YES;
				GCC_WARN_UNINITIALIZED_AUTOS = YES_AGGRESSIVE;
				GCC_WARN_UNUSED_FUNCTION = YES;
				GCC_WARN_UNUSED_VARIABLE = YES;
				IPHONEOS_DEPLOYMENT_TARGET = 9.3;
				MTL_ENABLE_DEBUG_INFO = YES;
				ONLY_ACTIVE_ARCH = YES;
				SDKROOT = iphoneos;
				SWIFT_OPTIMIZATION_LEVEL = "-Onone";
				TARGETED_DEVICE_FAMILY = "1,2";
			};
			name = Debug;
		};
		819D87CA1D620D6900042B97 /* Release */ = {
			isa = XCBuildConfiguration;
			buildSettings = {
				ALWAYS_SEARCH_USER_PATHS = NO;
				CLANG_ANALYZER_NONNULL = YES;
				CLANG_CXX_LANGUAGE_STANDARD = "gnu++0x";
				CLANG_CXX_LIBRARY = "libc++";
				CLANG_ENABLE_MODULES = YES;
				CLANG_ENABLE_OBJC_ARC = YES;
				CLANG_WARN_BOOL_CONVERSION = YES;
				CLANG_WARN_CONSTANT_CONVERSION = YES;
				CLANG_WARN_DIRECT_OBJC_ISA_USAGE = YES_ERROR;
				CLANG_WARN_EMPTY_BODY = YES;
				CLANG_WARN_ENUM_CONVERSION = YES;
				CLANG_WARN_INT_CONVERSION = YES;
				CLANG_WARN_OBJC_ROOT_CLASS = YES_ERROR;
				CLANG_WARN_UNREACHABLE_CODE = YES;
				CLANG_WARN__DUPLICATE_METHOD_MATCH = YES;
				"CODE_SIGN_IDENTITY[sdk=iphoneos*]" = "iPhone Developer";
				COPY_PHASE_STRIP = NO;
				DEBUG_INFORMATION_FORMAT = "dwarf-with-dsym";
				ENABLE_NS_ASSERTIONS = NO;
				ENABLE_STRICT_OBJC_MSGSEND = YES;
				GCC_C_LANGUAGE_STANDARD = gnu99;
				GCC_NO_COMMON_BLOCKS = YES;
				GCC_WARN_64_TO_32_BIT_CONVERSION = YES;
				GCC_WARN_ABOUT_RETURN_TYPE = YES_ERROR;
				GCC_WARN_UNDECLARED_SELECTOR = YES;
				GCC_WARN_UNINITIALIZED_AUTOS = YES_AGGRESSIVE;
				GCC_WARN_UNUSED_FUNCTION = YES;
				GCC_WARN_UNUSED_VARIABLE = YES;
				IPHONEOS_DEPLOYMENT_TARGET = 9.3;
				MTL_ENABLE_DEBUG_INFO = NO;
				SDKROOT = iphoneos;
				TARGETED_DEVICE_FAMILY = "1,2";
				VALIDATE_PRODUCT = YES;
			};
			name = Release;
		};
		819D87CC1D620D6900042B97 /* Debug */ = {
			isa = XCBuildConfiguration;
			buildSettings = {
				ASSETCATALOG_COMPILER_APPICON_NAME = AppIcon;
				INFOPLIST_FILE = GuestAndResortNavPicker/Info.plist;
				LD_RUNPATH_SEARCH_PATHS = "$(inherited) @executable_path/Frameworks";
				PRODUCT_BUNDLE_IDENTIFIER = com.yournamegoeshere.GuestAndResortNavPicker;
				PRODUCT_NAME = "$(TARGET_NAME)";
			};
			name = Debug;
		};
		819D87CD1D620D6900042B97 /* Release */ = {
			isa = XCBuildConfiguration;
			buildSettings = {
				ASSETCATALOG_COMPILER_APPICON_NAME = AppIcon;
				INFOPLIST_FILE = GuestAndResortNavPicker/Info.plist;
				LD_RUNPATH_SEARCH_PATHS = "$(inherited) @executable_path/Frameworks";
				PRODUCT_BUNDLE_IDENTIFIER = com.yournamegoeshere.GuestAndResortNavPicker;
				PRODUCT_NAME = "$(TARGET_NAME)";
			};
			name = Release;
		};
/* End XCBuildConfiguration section */

/* Begin XCConfigurationList section */
		819D87B41D620D6800042B97 /* Build configuration list for PBXProject "GuestAndResortNavPicker" */ = {
			isa = XCConfigurationList;
			buildConfigurations = (
				819D87C91D620D6900042B97 /* Debug */,
				819D87CA1D620D6900042B97 /* Release */,
			);
			defaultConfigurationIsVisible = 0;
			defaultConfigurationName = Release;
		};
		819D87CB1D620D6900042B97 /* Build configuration list for PBXNativeTarget "GuestAndResortNavPicker" */ = {
			isa = XCConfigurationList;
			buildConfigurations = (
				819D87CC1D620D6900042B97 /* Debug */,
				819D87CD1D620D6900042B97 /* Release */,
			);
			defaultConfigurationIsVisible = 0;
		};
/* End XCConfigurationList section */
	};
	rootObject = 819D87B11D620D6800042B97 /* Project object */;
}
